PODS:
  - flt_pay_ali (0.0.1):
    - Flutter
  - Flutter (1.0.0)

DEPENDENCIES:
  - flt_pay_ali (from `.symlinks/plugins/flt_pay_ali/ios`)
  - Flutter (from `.symlinks/flutter/ios`)

EXTERNAL SOURCES:
  flt_pay_ali:
    :path: ".symlinks/plugins/flt_pay_ali/ios"
  Flutter:
    :path: ".symlinks/flutter/ios"

SPEC CHECKSUMS:
  flt_pay_ali: 3529cc0da2f553b9ac721171b1f0a2adaa47e7e5
  Flutter: 0e3d915762c693b495b44d77113d4970485de6ec

PODFILE CHECKSUM: 7fb83752f59ead6285236625b82473f90b1cb932

COCOAPODS: 1.9.1
