PODS:
  - flt_pay_wechat (0.0.1):
    - Flutter
  - Flutter (1.0.0)

DEPENDENCIES:
  - flt_pay_wechat (from `.symlinks/plugins/flt_pay_wechat/ios`)
  - Flutter (from `.symlinks/flutter/ios`)

EXTERNAL SOURCES:
  flt_pay_wechat:
    :path: ".symlinks/plugins/flt_pay_wechat/ios"
  Flutter:
    :path: ".symlinks/flutter/ios"

SPEC CHECKSUMS:
  flt_pay_wechat: fc4d0cd8809d36be45ba14864bdb96f6da886b24
  Flutter: 0e3d915762c693b495b44d77113d4970485de6ec

PODFILE CHECKSUM: 7fb83752f59ead6285236625b82473f90b1cb932

COCOAPODS: 1.9.1
